
Microsoft Visual Studio Solution File, Format Version 11.00
# Visual Studio 2010
Project("{FAE04EC0-301F-11D3-BF4B-00C04F79EFBC}") = "H_CZ_HELP", "H_CZ_HELP.csproj", "{B8D597F2-D8F9-42B4-B432-90EFF48104B5}"
EndProject
Global
	GlobalSection(SolutionConfigurationPlatforms) = preSolution
		Debug|Any CPU = Debug|Any CPU
		Release|Any CPU = Release|Any CPU
	EndGlobalSection
	GlobalSection(ProjectConfigurationPlatforms) = postSolution
		{B8D597F2-D8F9-42B4-B432-90EFF48104B5}.Debug|Any CPU.ActiveCfg = Debug|Any CPU
		{B8D597F2-D8F9-42B4-B432-90EFF48104B5}.Debug|Any CPU.Build.0 = Debug|Any CPU
		{B8D597F2-D8F9-42B4-B432-90EFF48104B5}.Release|Any CPU.ActiveCfg = Release|Any CPU
		{B8D597F2-D8F9-42B4-B432-90EFF48104B5}.Release|Any CPU.Build.0 = Release|Any CPU
	EndGlobalSection
	GlobalSection(SolutionProperties) = preSolution
		HideSolutionNode = FALSE
	EndGlobalSection
EndGlobal
